
Microsoft Visual Studio Solution File, Format Version 12.00
# Visual Studio 15
VisualStudioVersion = 15.0.28307.421
MinimumVisualStudioVersion = 10.0.40219.1
Project("{2150E333-8FDC-42A3-9474-1A3956D46DE8}") = "Domain", "Domain", "{D43F9FA5-F6CC-4A8C-A879-73A672251EF0}"
EndProject
Project("{2150E333-8FDC-42A3-9474-1A3956D46DE8}") = "Microservices", "Microservices", "{6288A4D5-86EE-4647-9E5B-C42F67E72FB1}"
EndProject
Project("{2150E333-8FDC-42A3-9474-1A3956D46DE8}") = "Infra.Bus", "Infra.Bus", "{DE833F0B-F537-4177-9341-47EBD0635BD5}"
EndProject
Project("{2150E333-8FDC-42A3-9474-1A3956D46DE8}") = "Infra.IoC", "Infra.IoC", "{54E36631-FCBB-4CC3-99E9-42F9F2AB2B96}"
EndProject
Project("{2150E333-8FDC-42A3-9474-1A3956D46DE8}") = "Presentation", "Presentation", "{8658C79F-23C2-4428-9444-D6B67E3DC56C}"
EndProject
Project("{9A19103F-16F7-4668-BE54-9A1E7A4F7556}") = "MicroRabbit.Domain.Core", "..\MicroRabit.Domain.Core\MicroRabbit.Domain.Core\MicroRabbit.Domain.Core.csproj", "{F65E2048-C3FF-4F7E-B3F0-D0414037A238}"
EndProject
Project("{9A19103F-16F7-4668-BE54-9A1E7A4F7556}") = "MicroRabbit.Infra.Bus", "MicroRabbit.Infra.Bus\MicroRabbit.Infra.Bus.csproj", "{14D488E3-4798-49A2-B527-906C4C757FF5}"
EndProject
Project("{9A19103F-16F7-4668-BE54-9A1E7A4F7556}") = "MicroRabbit.infra.IoC", "MicroRabbit.infra.IoC\MicroRabbit.infra.IoC.csproj", "{26D89DEE-36B8-4C1B-9FB4-996FAE76B980}"
EndProject
Project("{2150E333-8FDC-42A3-9474-1A3956D46DE8}") = "Banking", "Banking", "{8F4264C3-A46E-4F03-9090-091D0CA0EE83}"
EndProject
Project("{2150E333-8FDC-42A3-9474-1A3956D46DE8}") = "Api", "Api", "{6A06192D-CD74-4549-957D-3F41209B04C6}"
EndProject
Project("{2150E333-8FDC-42A3-9474-1A3956D46DE8}") = "Domain", "Domain", "{76F25E48-4C0A-41CF-9E53-1DD83137DF9D}"
EndProject
Project("{2150E333-8FDC-42A3-9474-1A3956D46DE8}") = "Application", "Application", "{64005717-F29A-4561-B78D-79A820EBA929}"
EndProject
Project("{2150E333-8FDC-42A3-9474-1A3956D46DE8}") = "Data", "Data", "{64338208-DF44-4C95-B45C-108C66AE55CA}"
EndProject
Project("{9A19103F-16F7-4668-BE54-9A1E7A4F7556}") = "MicroRabbit.Banking.Api", "MicroRabbit.Banking.Api\MicroRabbit.Banking.Api.csproj", "{EB3A93E9-A955-44B5-9B9A-77373F22C6D9}"
EndProject
Project("{9A19103F-16F7-4668-BE54-9A1E7A4F7556}") = "MicroRabbit.Banking.Application", "MicroRabbit.Banking.Application\MicroRabbit.Banking.Application.csproj", "{6DADADBC-2FC7-42FD-B0FA-5D946B70AB78}"
EndProject
Project("{9A19103F-16F7-4668-BE54-9A1E7A4F7556}") = "MicroRabbit.Banking.Data", "MicroRabbit.Banking.Data\MicroRabbit.Banking.Data.csproj", "{49211D78-F0E0-4DFC-BFFC-87A99C141F98}"
EndProject
Project("{9A19103F-16F7-4668-BE54-9A1E7A4F7556}") = "MicroRabbit.Banking.Domain", "MicroRabbit.Banking.Domain\MicroRabbit.Banking.Domain.csproj", "{AB6EEB8B-EF63-4588-BE06-5CF88B106CA5}"
EndProject
Global
	GlobalSection(SolutionConfigurationPlatforms) = preSolution
		Debug|Any CPU = Debug|Any CPU
		Release|Any CPU = Release|Any CPU
	EndGlobalSection
	GlobalSection(ProjectConfigurationPlatforms) = postSolution
		{F65E2048-C3FF-4F7E-B3F0-D0414037A238}.Debug|Any CPU.ActiveCfg = Debug|Any CPU
		{F65E2048-C3FF-4F7E-B3F0-D0414037A238}.Debug|Any CPU.Build.0 = Debug|Any CPU
		{F65E2048-C3FF-4F7E-B3F0-D0414037A238}.Release|Any CPU.ActiveCfg = Release|Any CPU
		{F65E2048-C3FF-4F7E-B3F0-D0414037A238}.Release|Any CPU.Build.0 = Release|Any CPU
		{14D488E3-4798-49A2-B527-906C4C757FF5}.Debug|Any CPU.ActiveCfg = Debug|Any CPU
		{14D488E3-4798-49A2-B527-906C4C757FF5}.Debug|Any CPU.Build.0 = Debug|Any CPU
		{14D488E3-4798-49A2-B527-906C4C757FF5}.Release|Any CPU.ActiveCfg = Release|Any CPU
		{14D488E3-4798-49A2-B527-906C4C757FF5}.Release|Any CPU.Build.0 = Release|Any CPU
		{26D89DEE-36B8-4C1B-9FB4-996FAE76B980}.Debug|Any CPU.ActiveCfg = Debug|Any CPU
		{26D89DEE-36B8-4C1B-9FB4-996FAE76B980}.Debug|Any CPU.Build.0 = Debug|Any CPU
		{26D89DEE-36B8-4C1B-9FB4-996FAE76B980}.Release|Any CPU.ActiveCfg = Release|Any CPU
		{26D89DEE-36B8-4C1B-9FB4-996FAE76B980}.Release|Any CPU.Build.0 = Release|Any CPU
		{EB3A93E9-A955-44B5-9B9A-77373F22C6D9}.Debug|Any CPU.ActiveCfg = Debug|Any CPU
		{EB3A93E9-A955-44B5-9B9A-77373F22C6D9}.Debug|Any CPU.Build.0 = Debug|Any CPU
		{EB3A93E9-A955-44B5-9B9A-77373F22C6D9}.Release|Any CPU.ActiveCfg = Release|Any CPU
		{EB3A93E9-A955-44B5-9B9A-77373F22C6D9}.Release|Any CPU.Build.0 = Release|Any CPU
		{6DADADBC-2FC7-42FD-B0FA-5D946B70AB78}.Debug|Any CPU.ActiveCfg = Debug|Any CPU
		{6DADADBC-2FC7-42FD-B0FA-5D946B70AB78}.Debug|Any CPU.Build.0 = Debug|Any CPU
		{6DADADBC-2FC7-42FD-B0FA-5D946B70AB78}.Release|Any CPU.ActiveCfg = Release|Any CPU
		{6DADADBC-2FC7-42FD-B0FA-5D946B70AB78}.Release|Any CPU.Build.0 = Release|Any CPU
		{49211D78-F0E0-4DFC-BFFC-87A99C141F98}.Debug|Any CPU.ActiveCfg = Debug|Any CPU
		{49211D78-F0E0-4DFC-BFFC-87A99C141F98}.Debug|Any CPU.Build.0 = Debug|Any CPU
		{49211D78-F0E0-4DFC-BFFC-87A99C141F98}.Release|Any CPU.ActiveCfg = Release|Any CPU
		{49211D78-F0E0-4DFC-BFFC-87A99C141F98}.Release|Any CPU.Build.0 = Release|Any CPU
		{AB6EEB8B-EF63-4588-BE06-5CF88B106CA5}.Debug|Any CPU.ActiveCfg = Debug|Any CPU
		{AB6EEB8B-EF63-4588-BE06-5CF88B106CA5}.Debug|Any CPU.Build.0 = Debug|Any CPU
		{AB6EEB8B-EF63-4588-BE06-5CF88B106CA5}.Release|Any CPU.ActiveCfg = Release|Any CPU
		{AB6EEB8B-EF63-4588-BE06-5CF88B106CA5}.Release|Any CPU.Build.0 = Release|Any CPU
	EndGlobalSection
	GlobalSection(SolutionProperties) = preSolution
		HideSolutionNode = FALSE
	EndGlobalSection
	GlobalSection(NestedProjects) = preSolution
		{F65E2048-C3FF-4F7E-B3F0-D0414037A238} = {D43F9FA5-F6CC-4A8C-A879-73A672251EF0}
		{14D488E3-4798-49A2-B527-906C4C757FF5} = {DE833F0B-F537-4177-9341-47EBD0635BD5}
		{26D89DEE-36B8-4C1B-9FB4-996FAE76B980} = {54E36631-FCBB-4CC3-99E9-42F9F2AB2B96}
		{8F4264C3-A46E-4F03-9090-091D0CA0EE83} = {6288A4D5-86EE-4647-9E5B-C42F67E72FB1}
		{6A06192D-CD74-4549-957D-3F41209B04C6} = {8F4264C3-A46E-4F03-9090-091D0CA0EE83}
		{76F25E48-4C0A-41CF-9E53-1DD83137DF9D} = {8F4264C3-A46E-4F03-9090-091D0CA0EE83}
		{64005717-F29A-4561-B78D-79A820EBA929} = {8F4264C3-A46E-4F03-9090-091D0CA0EE83}
		{64338208-DF44-4C95-B45C-108C66AE55CA} = {8F4264C3-A46E-4F03-9090-091D0CA0EE83}
		{EB3A93E9-A955-44B5-9B9A-77373F22C6D9} = {6A06192D-CD74-4549-957D-3F41209B04C6}
		{6DADADBC-2FC7-42FD-B0FA-5D946B70AB78} = {64005717-F29A-4561-B78D-79A820EBA929}
		{49211D78-F0E0-4DFC-BFFC-87A99C141F98} = {64338208-DF44-4C95-B45C-108C66AE55CA}
		{AB6EEB8B-EF63-4588-BE06-5CF88B106CA5} = {76F25E48-4C0A-41CF-9E53-1DD83137DF9D}
	EndGlobalSection
	GlobalSection(ExtensibilityGlobals) = postSolution
		SolutionGuid = {B80BBBCB-AF0F-4938-82B9-529596851415}
	EndGlobalSection
EndGlobal
